
Microsoft Visual Studio Solution File, Format Version 12.00
# Visual Studio Version 16
VisualStudioVersion = 16.0.29409.12
MinimumVisualStudioVersion = 10.0.40219.1
Project("{FAE04EC0-301F-11D3-BF4B-00C04F79EFBC}") = "Steganografia", "Steganografia\Steganografia.csproj", "{715B5D57-88D7-4518-9D05-C965D2AC09E5}"
EndProject
Global
	GlobalSection(SolutionConfigurationPlatforms) = preSolution
		Debug|Any CPU = Debug|Any CPU
		Release|Any CPU = Release|Any CPU
	EndGlobalSection
	GlobalSection(ProjectConfigurationPlatforms) = postSolution
		{715B5D57-88D7-4518-9D05-C965D2AC09E5}.Debug|Any CPU.ActiveCfg = Debug|Any CPU
		{715B5D57-88D7-4518-9D05-C965D2AC09E5}.Debug|Any CPU.Build.0 = Debug|Any CPU
		{715B5D57-88D7-4518-9D05-C965D2AC09E5}.Release|Any CPU.ActiveCfg = Release|Any CPU
		{715B5D57-88D7-4518-9D05-C965D2AC09E5}.Release|Any CPU.Build.0 = Release|Any CPU
	EndGlobalSection
	GlobalSection(SolutionProperties) = preSolution
		HideSolutionNode = FALSE
	EndGlobalSection
	GlobalSection(ExtensibilityGlobals) = postSolution
		SolutionGuid = {33385DAB-37B3-4AA2-9737-AD2BA3228140}
	EndGlobalSection
EndGlobal
